
Microsoft Visual Studio Solution File, Format Version 12.00
# Visual Studio Version 17
VisualStudioVersion = 17.6.33829.357
MinimumVisualStudioVersion = 10.0.40219.1
Project("{FAE04EC0-301F-11D3-BF4B-00C04F79EFBC}") = "TpFinal", "TpFinal.csproj", "{FD23C26C-9BB9-4034-B138-937BFB5DB70C}"
EndProject
Global
	GlobalSection(SolutionConfigurationPlatforms) = preSolution
		Debug|Any CPU = Debug|Any CPU
		Release|Any CPU = Release|Any CPU
	EndGlobalSection
	GlobalSection(ProjectConfigurationPlatforms) = postSolution
		{FD23C26C-9BB9-4034-B138-937BFB5DB70C}.Debug|Any CPU.ActiveCfg = Debug|Any CPU
		{FD23C26C-9BB9-4034-B138-937BFB5DB70C}.Debug|Any CPU.Build.0 = Debug|Any CPU
		{FD23C26C-9BB9-4034-B138-937BFB5DB70C}.Release|Any CPU.ActiveCfg = Release|Any CPU
		{FD23C26C-9BB9-4034-B138-937BFB5DB70C}.Release|Any CPU.Build.0 = Release|Any CPU
	EndGlobalSection
	GlobalSection(SolutionProperties) = preSolution
		HideSolutionNode = FALSE
	EndGlobalSection
	GlobalSection(ExtensibilityGlobals) = postSolution
		SolutionGuid = {95C32658-ABD2-4F70-A627-B8ABCCF37FC3}
	EndGlobalSection
EndGlobal
